
Microsoft Visual Studio Solution File, Format Version 12.00
# Visual Studio Version 17
VisualStudioVersion = 17.9.34607.119
MinimumVisualStudioVersion = 10.0.40219.1
Project("{FAE04EC0-301F-11D3-BF4B-00C04F79EFBC}") = "Calculator", "Calculator.csproj", "{C092200F-BBE3-49FA-A44C-D154151F78DB}"
EndProject
Global
	GlobalSection(SolutionConfigurationPlatforms) = preSolution
		Debug|Any CPU = Debug|Any CPU
		Release|Any CPU = Release|Any CPU
	EndGlobalSection
	GlobalSection(ProjectConfigurationPlatforms) = postSolution
		{C092200F-BBE3-49FA-A44C-D154151F78DB}.Debug|Any CPU.ActiveCfg = Debug|Any CPU
		{C092200F-BBE3-49FA-A44C-D154151F78DB}.Debug|Any CPU.Build.0 = Debug|Any CPU
		{C092200F-BBE3-49FA-A44C-D154151F78DB}.Release|Any CPU.ActiveCfg = Release|Any CPU
		{C092200F-BBE3-49FA-A44C-D154151F78DB}.Release|Any CPU.Build.0 = Release|Any CPU
	EndGlobalSection
	GlobalSection(SolutionProperties) = preSolution
		HideSolutionNode = FALSE
	EndGlobalSection
	GlobalSection(ExtensibilityGlobals) = postSolution
		SolutionGuid = {D0274FB6-FF4F-435B-842D-C15F753C434A}
	EndGlobalSection
EndGlobal
